{
    "hash": "d2f2abd16059adb95f653d2c72ca9af0",
    "packages": [
        {
            "name": "twitter/bootstrap",
            "version": "2.1.1",
            "source": {
                "type": "git",
                "url": "git://github.com/twitter/bootstrap.git",
                "reference": "v2.1.1"
            },
            "type": "library",
            "installation-source": "source"
        }
    ],
    "packages-dev": null,
    "aliases": [

    ],
    "minimum-stability": "stable",
    "stability-flags": [

    ]
}
